// !$*UTF8*$!
{
	archiveVersion = 1;
	classes = {
	};
	objectVersion = 60;
	objects = {

/* Begin PBXBuildFile section */
		453B09822C37608000D8E6D9 /* Assets.xcassets in Resources */ = {isa = PBXBuildFile; fileRef = 453B09812C37608000D8E6D9 /* Assets.xcassets */; };
		453B09852C37608000D8E6D9 /* Preview Assets.xcassets in Resources */ = {isa = PBXBuildFile; fileRef = 453B09842C37608000D8E6D9 /* Preview Assets.xcassets */; };
		453B098F2C37608000D8E6D9 /* PetWatchSwiftTests.swift in Sources */ = {isa = PBXBuildFile; fileRef = 453B098E2C37608000D8E6D9 /* PetWatchSwiftTests.swift */; };
		453B09992C37608000D8E6D9 /* PetWatchSwiftUITests.swift in Sources */ = {isa = PBXBuildFile; fileRef = 453B09982C37608000D8E6D9 /* PetWatchSwiftUITests.swift */; };
		453B099B2C37608000D8E6D9 /* PetWatchSwiftUITestsLaunchTests.swift in Sources */ = {isa = PBXBuildFile; fileRef = 453B099A2C37608000D8E6D9 /* PetWatchSwiftUITestsLaunchTests.swift */; };
		453B09C32C385FC200D8E6D9 /* Pet.swift in Sources */ = {isa = PBXBuildFile; fileRef = 453B09C22C385FC000D8E6D9 /* Pet.swift */; };
		453B09C52C38609600D8E6D9 /* PetBreed.swift in Sources */ = {isa = PBXBuildFile; fileRef = 453B09C42C38609300D8E6D9 /* PetBreed.swift */; };
		453B09C82C38613C00D8E6D9 /* Preview+ModelContainer.swift in Sources */ = {isa = PBXBuildFile; fileRef = 453B09C72C38612E00D8E6D9 /* Preview+ModelContainer.swift */; };
		453B09CA2C38614700D8E6D9 /* ModelContainerPreview.swift in Sources */ = {isa = PBXBuildFile; fileRef = 453B09C92C38613E00D8E6D9 /* ModelContainerPreview.swift */; };
		453B09CC2C38640100D8E6D9 /* NavigationContext.swift in Sources */ = {isa = PBXBuildFile; fileRef = 453B09CB2C3863FD00D8E6D9 /* NavigationContext.swift */; };
		453B09CF2C3864C500D8E6D9 /* PetEditor.swift in Sources */ = {isa = PBXBuildFile; fileRef = 453B09CE2C3864BD00D8E6D9 /* PetEditor.swift */; };
		453B09D22C3864FE00D8E6D9 /* SampleData+PetBreed.swift in Sources */ = {isa = PBXBuildFile; fileRef = 453B09D12C3864EF00D8E6D9 /* SampleData+PetBreed.swift */; };
		453B09D42C38650600D8E6D9 /* SampleData+Pet.swift in Sources */ = {isa = PBXBuildFile; fileRef = 453B09D32C38650200D8E6D9 /* SampleData+Pet.swift */; };
		4565492B2C39D2B7005B1C53 /* PetBreedEditor.swift in Sources */ = {isa = PBXBuildFile; fileRef = 4565492A2C39D2B2005B1C53 /* PetBreedEditor.swift */; };
		4565492D2C3B2B55005B1C53 /* MapView.swift in Sources */ = {isa = PBXBuildFile; fileRef = 4565492C2C3B2B51005B1C53 /* MapView.swift */; };
		45A6E9C82C44539F00B70884 /* ImageDetailView.swift in Sources */ = {isa = PBXBuildFile; fileRef = 45A6E9C72C44539A00B70884 /* ImageDetailView.swift */; };
		45BA51FE2C3F462800F3172C /* DataModel.swift in Sources */ = {isa = PBXBuildFile; fileRef = 45BA51FD2C3F462300F3172C /* DataModel.swift */; };
		45BA52002C3F4C6A00F3172C /* FileManagerExtensions.swift in Sources */ = {isa = PBXBuildFile; fileRef = 45BA51FF2C3F4C6300F3172C /* FileManagerExtensions.swift */; };
		45BA52022C3F50CC00F3172C /* ColumnStepper.swift in Sources */ = {isa = PBXBuildFile; fileRef = 45BA52012C3F50C700F3172C /* ColumnStepper.swift */; };
		45BA52042C3F527900F3172C /* DetailView.swift in Sources */ = {isa = PBXBuildFile; fileRef = 45BA52032C3F527600F3172C /* DetailView.swift */; };
		45BA52062C3F550200F3172C /* PhotoPicker.swift in Sources */ = {isa = PBXBuildFile; fileRef = 45BA52052C3F54FF00F3172C /* PhotoPicker.swift */; };
		45BA52092C406B4700F3172C /* ImageGallery.swift in Sources */ = {isa = PBXBuildFile; fileRef = 45BA52082C406B4300F3172C /* ImageGallery.swift */; };
		45BC649E2C3F42CD00348673 /* GridView.swift in Sources */ = {isa = PBXBuildFile; fileRef = 45BC649D2C3F42C500348673 /* GridView.swift */; };
		45BC64A02C3F42F200348673 /* GridItem.swift in Sources */ = {isa = PBXBuildFile; fileRef = 45BC649F2C3F42EF00348673 /* GridItem.swift */; };
		45BC64A22C3F43F100348673 /* GridItemView.swift in Sources */ = {isa = PBXBuildFile; fileRef = 45BC64A12C3F43EE00348673 /* GridItemView.swift */; };
		45EDB8FD2C41CEC7002F5EA6 /* heartSpring.jpg in Resources */ = {isa = PBXBuildFile; fileRef = 45EDB8F32C41CEC7002F5EA6 /* heartSpring.jpg */; };
		45EDB8FE2C41CEC7002F5EA6 /* bobcat.jpg in Resources */ = {isa = PBXBuildFile; fileRef = 45EDB8E72C41CEC7002F5EA6 /* bobcat.jpg */; };
		45EDB8FF2C41CEC7002F5EA6 /* redTailedHawk.jpg in Resources */ = {isa = PBXBuildFile; fileRef = 45EDB8F72C41CEC7002F5EA6 /* redTailedHawk.jpg */; };
		45EDB9002C41CEC7002F5EA6 /* coyoteAndBison.jpg in Resources */ = {isa = PBXBuildFile; fileRef = 45EDB8EB2C41CEC7002F5EA6 /* coyoteAndBison.jpg */; };
		45EDB9012C41CEC7002F5EA6 /* grizzly.jpg in Resources */ = {isa = PBXBuildFile; fileRef = 45EDB8EE2C41CEC7002F5EA6 /* grizzly.jpg */; };
		45EDB9022C41CEC7002F5EA6 /* soaringTheRainbow.jpg in Resources */ = {isa = PBXBuildFile; fileRef = 45EDB8F92C41CEC7002F5EA6 /* soaringTheRainbow.jpg */; };
		45EDB9032C41CEC7002F5EA6 /* bullElkSparring.jpg in Resources */ = {isa = PBXBuildFile; fileRef = 45EDB8E92C41CEC7002F5EA6 /* bullElkSparring.jpg */; };
		45EDB9042C41CEC7002F5EA6 /* doubleRainbowYellowstone.jpg in Resources */ = {isa = PBXBuildFile; fileRef = 45EDB8ED2C41CEC7002F5EA6 /* doubleRainbowYellowstone.jpg */; };
		45EDB9052C41CEC7002F5EA6 /* towerCreekBASIN.jpg in Resources */ = {isa = PBXBuildFile; fileRef = 45EDB8FB2C41CEC7002F5EA6 /* towerCreekBASIN.jpg */; };
		45EDB9062C41CEC7002F5EA6 /* grizzlyCubs.jpg in Resources */ = {isa = PBXBuildFile; fileRef = 45EDB8EF2C41CEC7002F5EA6 /* grizzlyCubs.jpg */; };
		45EDB9072C41CEC7002F5EA6 /* owlsAtMammoth.jpg in Resources */ = {isa = PBXBuildFile; fileRef = 45EDB8F52C41CEC7002F5EA6 /* owlsAtMammoth.jpg */; };
		45EDB9082C41CEC7002F5EA6 /* sunriseAtGrottoGeyser.jpg in Resources */ = {isa = PBXBuildFile; fileRef = 45EDB8FA2C41CEC7002F5EA6 /* sunriseAtGrottoGeyser.jpg */; };
		45EDB9092C41CEC7002F5EA6 /* bullTuleElkAndTwoFemales.jpg in Resources */ = {isa = PBXBuildFile; fileRef = 45EDB8EA2C41CEC7002F5EA6 /* bullTuleElkAndTwoFemales.jpg */; };
		45EDB90A2C41CEC7002F5EA6 /* groundSquirrel.jpg in Resources */ = {isa = PBXBuildFile; fileRef = 45EDB8F02C41CEC7002F5EA6 /* groundSquirrel.jpg */; };
		45EDB90B2C41CEC7002F5EA6 /* bullElk.jpg in Resources */ = {isa = PBXBuildFile; fileRef = 45EDB8E82C41CEC7002F5EA6 /* bullElk.jpg */; };
		45EDB90C2C41CEC7002F5EA6 /* yellowBelliedMarmot.jpg in Resources */ = {isa = PBXBuildFile; fileRef = 45EDB8FC2C41CEC7002F5EA6 /* yellowBelliedMarmot.jpg */; };
		45EDB90D2C41CEC7002F5EA6 /* riverOtter.jpg in Resources */ = {isa = PBXBuildFile; fileRef = 45EDB8F82C41CEC7002F5EA6 /* riverOtter.jpg */; };
		45EDB90E2C41CEC7002F5EA6 /* newGrowthOfAntlers.jpg in Resources */ = {isa = PBXBuildFile; fileRef = 45EDB8F42C41CEC7002F5EA6 /* newGrowthOfAntlers.jpg */; };
		45EDB90F2C41CEC7002F5EA6 /* harborSeal.jpg in Resources */ = {isa = PBXBuildFile; fileRef = 45EDB8F12C41CEC7002F5EA6 /* harborSeal.jpg */; };
		45EDB9102C41CEC7002F5EA6 /* doubleRainbowLowerMammoth.jpg in Resources */ = {isa = PBXBuildFile; fileRef = 45EDB8EC2C41CEC7002F5EA6 /* doubleRainbowLowerMammoth.jpg */; };
		45EDB9112C41CEC7002F5EA6 /* rainbowAndBadlands.jpg in Resources */ = {isa = PBXBuildFile; fileRef = 45EDB8F62C41CEC7002F5EA6 /* rainbowAndBadlands.jpg */; };
		45EDB9122C41CEC7002F5EA6 /* harborSealPup.jpg in Resources */ = {isa = PBXBuildFile; fileRef = 45EDB8F22C41CEC7002F5EA6 /* harborSealPup.jpg */; };
		45F94EEA2C386CA700023D5C /* ContentView.swift in Sources */ = {isa = PBXBuildFile; fileRef = 45F94EE92C386CA300023D5C /* ContentView.swift */; };
		45F94EEC2C386D8100023D5C /* PetWatchSwiftApp.swift in Sources */ = {isa = PBXBuildFile; fileRef = 45F94EEB2C386D7900023D5C /* PetWatchSwiftApp.swift */; };
		45F94EEE2C388E3F00023D5C /* ColumnContentView.swift in Sources */ = {isa = PBXBuildFile; fileRef = 45F94EED2C388E3300023D5C /* ColumnContentView.swift */; };
		45F94EF02C388EF200023D5C /* PetBreedListView.swift in Sources */ = {isa = PBXBuildFile; fileRef = 45F94EEF2C388EEB00023D5C /* PetBreedListView.swift */; };
		45F94EF22C39AE6300023D5C /* PetListView.swift in Sources */ = {isa = PBXBuildFile; fileRef = 45F94EF12C39AE6000023D5C /* PetListView.swift */; };
		45F94EF42C39BAE500023D5C /* PetDetailView.swift in Sources */ = {isa = PBXBuildFile; fileRef = 45F94EF32C39BAE100023D5C /* PetDetailView.swift */; };
/* End PBXBuildFile section */

/* Begin PBXContainerItemProxy section */
		453B098B2C37608000D8E6D9 /* PBXContainerItemProxy */ = {
			isa = PBXContainerItemProxy;
			containerPortal = 453B09702C37607E00D8E6D9 /* Project object */;
			proxyType = 1;
			remoteGlobalIDString = 453B09772C37607E00D8E6D9;
			remoteInfo = PetWatchSwift;
		};
		453B09952C37608000D8E6D9 /* PBXContainerItemProxy */ = {
			isa = PBXContainerItemProxy;
			containerPortal = 453B09702C37607E00D8E6D9 /* Project object */;
			proxyType = 1;
			remoteGlobalIDString = 453B09772C37607E00D8E6D9;
			remoteInfo = PetWatchSwift;
		};
/* End PBXContainerItemProxy section */

/* Begin PBXFileReference section */
		453B09782C37607E00D8E6D9 /* PetWatchSwift.app */ = {isa = PBXFileReference; explicitFileType = wrapper.application; includeInIndex = 0; path = PetWatchSwift.app; sourceTree = BUILT_PRODUCTS_DIR; };
		453B09812C37608000D8E6D9 /* Assets.xcassets */ = {isa = PBXFileReference; lastKnownFileType = folder.assetcatalog; path = Assets.xcassets; sourceTree = "<group>"; };
		453B09842C37608000D8E6D9 /* Preview Assets.xcassets */ = {isa = PBXFileReference; lastKnownFileType = folder.assetcatalog; path = "Preview Assets.xcassets"; sourceTree = "<group>"; };
		453B098A2C37608000D8E6D9 /* PetWatchSwiftTests.xctest */ = {isa = PBXFileReference; explicitFileType = wrapper.cfbundle; includeInIndex = 0; path = PetWatchSwiftTests.xctest; sourceTree = BUILT_PRODUCTS_DIR; };
		453B098E2C37608000D8E6D9 /* PetWatchSwiftTests.swift */ = {isa = PBXFileReference; lastKnownFileType = sourcecode.swift; path = PetWatchSwiftTests.swift; sourceTree = "<group>"; };
		453B09942C37608000D8E6D9 /* PetWatchSwiftUITests.xctest */ = {isa = PBXFileReference; explicitFileType = wrapper.cfbundle; includeInIndex = 0; path = PetWatchSwiftUITests.xctest; sourceTree = BUILT_PRODUCTS_DIR; };
		453B09982C37608000D8E6D9 /* PetWatchSwiftUITests.swift */ = {isa = PBXFileReference; lastKnownFileType = sourcecode.swift; path = PetWatchSwiftUITests.swift; sourceTree = "<group>"; };
		453B099A2C37608000D8E6D9 /* PetWatchSwiftUITestsLaunchTests.swift */ = {isa = PBXFileReference; lastKnownFileType = sourcecode.swift; path = PetWatchSwiftUITestsLaunchTests.swift; sourceTree = "<group>"; };
		453B09C22C385FC000D8E6D9 /* Pet.swift */ = {isa = PBXFileReference; lastKnownFileType = sourcecode.swift; path = Pet.swift; sourceTree = "<group>"; };
		453B09C42C38609300D8E6D9 /* PetBreed.swift */ = {isa = PBXFileReference; lastKnownFileType = sourcecode.swift; path = PetBreed.swift; sourceTree = "<group>"; };
		453B09C72C38612E00D8E6D9 /* Preview+ModelContainer.swift */ = {isa = PBXFileReference; lastKnownFileType = sourcecode.swift; path = "Preview+ModelContainer.swift"; sourceTree = "<group>"; };
		453B09C92C38613E00D8E6D9 /* ModelContainerPreview.swift */ = {isa = PBXFileReference; lastKnownFileType = sourcecode.swift; path = ModelContainerPreview.swift; sourceTree = "<group>"; };
		453B09CB2C3863FD00D8E6D9 /* NavigationContext.swift */ = {isa = PBXFileReference; lastKnownFileType = sourcecode.swift; path = NavigationContext.swift; sourceTree = "<group>"; };
		453B09CE2C3864BD00D8E6D9 /* PetEditor.swift */ = {isa = PBXFileReference; lastKnownFileType = sourcecode.swift; path = PetEditor.swift; sourceTree = "<group>"; };
		453B09D12C3864EF00D8E6D9 /* SampleData+PetBreed.swift */ = {isa = PBXFileReference; lastKnownFileType = sourcecode.swift; path = "SampleData+PetBreed.swift"; sourceTree = "<group>"; };
		453B09D32C38650200D8E6D9 /* SampleData+Pet.swift */ = {isa = PBXFileReference; lastKnownFileType = sourcecode.swift; path = "SampleData+Pet.swift"; sourceTree = "<group>"; };
		4565492A2C39D2B2005B1C53 /* PetBreedEditor.swift */ = {isa = PBXFileReference; lastKnownFileType = sourcecode.swift; path = PetBreedEditor.swift; sourceTree = "<group>"; };
		4565492C2C3B2B51005B1C53 /* MapView.swift */ = {isa = PBXFileReference; lastKnownFileType = sourcecode.swift; path = MapView.swift; sourceTree = "<group>"; };
		45A6E9C72C44539A00B70884 /* ImageDetailView.swift */ = {isa = PBXFileReference; lastKnownFileType = sourcecode.swift; path = ImageDetailView.swift; sourceTree = "<group>"; };
		45BA51FD2C3F462300F3172C /* DataModel.swift */ = {isa = PBXFileReference; lastKnownFileType = sourcecode.swift; path = DataModel.swift; sourceTree = "<group>"; };
		45BA51FF2C3F4C6300F3172C /* FileManagerExtensions.swift */ = {isa = PBXFileReference; lastKnownFileType = sourcecode.swift; path = FileManagerExtensions.swift; sourceTree = "<group>"; };
		45BA52012C3F50C700F3172C /* ColumnStepper.swift */ = {isa = PBXFileReference; lastKnownFileType = sourcecode.swift; path = ColumnStepper.swift; sourceTree = "<group>"; };
		45BA52032C3F527600F3172C /* DetailView.swift */ = {isa = PBXFileReference; lastKnownFileType = sourcecode.swift; path = DetailView.swift; sourceTree = "<group>"; };
		45BA52052C3F54FF00F3172C /* PhotoPicker.swift */ = {isa = PBXFileReference; lastKnownFileType = sourcecode.swift; path = PhotoPicker.swift; sourceTree = "<group>"; };
		45BA52082C406B4300F3172C /* ImageGallery.swift */ = {isa = PBXFileReference; lastKnownFileType = sourcecode.swift; path = ImageGallery.swift; sourceTree = "<group>"; };
		45BC649D2C3F42C500348673 /* GridView.swift */ = {isa = PBXFileReference; lastKnownFileType = sourcecode.swift; path = GridView.swift; sourceTree = "<group>"; };
		45BC649F2C3F42EF00348673 /* GridItem.swift */ = {isa = PBXFileReference; lastKnownFileType = sourcecode.swift; path = GridItem.swift; sourceTree = "<group>"; };
		45BC64A12C3F43EE00348673 /* GridItemView.swift */ = {isa = PBXFileReference; lastKnownFileType = sourcecode.swift; path = GridItemView.swift; sourceTree = "<group>"; };
		45EDB8E72C41CEC7002F5EA6 /* bobcat.jpg */ = {isa = PBXFileReference; lastKnownFileType = image.jpeg; path = bobcat.jpg; sourceTree = "<group>"; };
		45EDB8E82C41CEC7002F5EA6 /* bullElk.jpg */ = {isa = PBXFileReference; lastKnownFileType = image.jpeg; path = bullElk.jpg; sourceTree = "<group>"; };
		45EDB8E92C41CEC7002F5EA6 /* bullElkSparring.jpg */ = {isa = PBXFileReference; lastKnownFileType = image.jpeg; path = bullElkSparring.jpg; sourceTree = "<group>"; };
		45EDB8EA2C41CEC7002F5EA6 /* bullTuleElkAndTwoFemales.jpg */ = {isa = PBXFileReference; lastKnownFileType = image.jpeg; path = bullTuleElkAndTwoFemales.jpg; sourceTree = "<group>"; };
		45EDB8EB2C41CEC7002F5EA6 /* coyoteAndBison.jpg */ = {isa = PBXFileReference; lastKnownFileType = image.jpeg; path = coyoteAndBison.jpg; sourceTree = "<group>"; };
		45EDB8EC2C41CEC7002F5EA6 /* doubleRainbowLowerMammoth.jpg */ = {isa = PBXFileReference; lastKnownFileType = image.jpeg; path = doubleRainbowLowerMammoth.jpg; sourceTree = "<group>"; };
		45EDB8ED2C41CEC7002F5EA6 /* doubleRainbowYellowstone.jpg */ = {isa = PBXFileReference; lastKnownFileType = image.jpeg; path = doubleRainbowYellowstone.jpg; sourceTree = "<group>"; };
		45EDB8EE2C41CEC7002F5EA6 /* grizzly.jpg */ = {isa = PBXFileReference; lastKnownFileType = image.jpeg; path = grizzly.jpg; sourceTree = "<group>"; };
		45EDB8EF2C41CEC7002F5EA6 /* grizzlyCubs.jpg */ = {isa = PBXFileReference; lastKnownFileType = image.jpeg; path = grizzlyCubs.jpg; sourceTree = "<group>"; };
		45EDB8F02C41CEC7002F5EA6 /* groundSquirrel.jpg */ = {isa = PBXFileReference; lastKnownFileType = image.jpeg; path = groundSquirrel.jpg; sourceTree = "<group>"; };
		45EDB8F12C41CEC7002F5EA6 /* harborSeal.jpg */ = {isa = PBXFileReference; lastKnownFileType = image.jpeg; path = harborSeal.jpg; sourceTree = "<group>"; };
		45EDB8F22C41CEC7002F5EA6 /* harborSealPup.jpg */ = {isa = PBXFileReference; lastKnownFileType = image.jpeg; path = harborSealPup.jpg; sourceTree = "<group>"; };
		45EDB8F32C41CEC7002F5EA6 /* heartSpring.jpg */ = {isa = PBXFileReference; lastKnownFileType = image.jpeg; path = heartSpring.jpg; sourceTree = "<group>"; };
		45EDB8F42C41CEC7002F5EA6 /* newGrowthOfAntlers.jpg */ = {isa = PBXFileReference; lastKnownFileType = image.jpeg; path = newGrowthOfAntlers.jpg; sourceTree = "<group>"; };
		45EDB8F52C41CEC7002F5EA6 /* owlsAtMammoth.jpg */ = {isa = PBXFileReference; lastKnownFileType = image.jpeg; path = owlsAtMammoth.jpg; sourceTree = "<group>"; };
		45EDB8F62C41CEC7002F5EA6 /* rainbowAndBadlands.jpg */ = {isa = PBXFileReference; lastKnownFileType = image.jpeg; path = rainbowAndBadlands.jpg; sourceTree = "<group>"; };
		45EDB8F72C41CEC7002F5EA6 /* redTailedHawk.jpg */ = {isa = PBXFileReference; lastKnownFileType = image.jpeg; path = redTailedHawk.jpg; sourceTree = "<group>"; };
		45EDB8F82C41CEC7002F5EA6 /* riverOtter.jpg */ = {isa = PBXFileReference; lastKnownFileType = image.jpeg; path = riverOtter.jpg; sourceTree = "<group>"; };
		45EDB8F92C41CEC7002F5EA6 /* soaringTheRainbow.jpg */ = {isa = PBXFileReference; lastKnownFileType = image.jpeg; path = soaringTheRainbow.jpg; sourceTree = "<group>"; };
		45EDB8FA2C41CEC7002F5EA6 /* sunriseAtGrottoGeyser.jpg */ = {isa = PBXFileReference; lastKnownFileType = image.jpeg; path = sunriseAtGrottoGeyser.jpg; sourceTree = "<group>"; };
		45EDB8FB2C41CEC7002F5EA6 /* towerCreekBASIN.jpg */ = {isa = PBXFileReference; lastKnownFileType = image.jpeg; path = towerCreekBASIN.jpg; sourceTree = "<group>"; };
		45EDB8FC2C41CEC7002F5EA6 /* yellowBelliedMarmot.jpg */ = {isa = PBXFileReference; lastKnownFileType = image.jpeg; path = yellowBelliedMarmot.jpg; sourceTree = "<group>"; };
		45F94EE92C386CA300023D5C /* ContentView.swift */ = {isa = PBXFileReference; lastKnownFileType = sourcecode.swift; path = ContentView.swift; sourceTree = "<group>"; };
		45F94EEB2C386D7900023D5C /* PetWatchSwiftApp.swift */ = {isa = PBXFileReference; lastKnownFileType = sourcecode.swift; path = PetWatchSwiftApp.swift; sourceTree = "<group>"; };
		45F94EED2C388E3300023D5C /* ColumnContentView.swift */ = {isa = PBXFileReference; lastKnownFileType = sourcecode.swift; path = ColumnContentView.swift; sourceTree = "<group>"; };
		45F94EEF2C388EEB00023D5C /* PetBreedListView.swift */ = {isa = PBXFileReference; lastKnownFileType = sourcecode.swift; path = PetBreedListView.swift; sourceTree = "<group>"; };
		45F94EF12C39AE6000023D5C /* PetListView.swift */ = {isa = PBXFileReference; lastKnownFileType = sourcecode.swift; path = PetListView.swift; sourceTree = "<group>"; };
		45F94EF32C39BAE100023D5C /* PetDetailView.swift */ = {isa = PBXFileReference; lastKnownFileType = sourcecode.swift; path = PetDetailView.swift; sourceTree = "<group>"; };
/* End PBXFileReference section */

/* Begin PBXFrameworksBuildPhase section */
		453B09752C37607E00D8E6D9 /* Frameworks */ = {
			isa = PBXFrameworksBuildPhase;
			buildActionMask = 2147483647;
			files = (
			);
			runOnlyForDeploymentPostprocessing = 0;
		};
		453B09872C37608000D8E6D9 /* Frameworks */ = {
			isa = PBXFrameworksBuildPhase;
			buildActionMask = 2147483647;
			files = (
			);
			runOnlyForDeploymentPostprocessing = 0;
		};
		453B09912C37608000D8E6D9 /* Frameworks */ = {
			isa = PBXFrameworksBuildPhase;
			buildActionMask = 2147483647;
			files = (
			);
			runOnlyForDeploymentPostprocessing = 0;
		};
/* End PBXFrameworksBuildPhase section */

/* Begin PBXGroup section */
		453B096F2C37607E00D8E6D9 = {
			isa = PBXGroup;
			children = (
				453B097A2C37607E00D8E6D9 /* PetWatchSwift */,
				453B098D2C37608000D8E6D9 /* PetWatchSwiftTests */,
				453B09972C37608000D8E6D9 /* PetWatchSwiftUITests */,
				453B09792C37607E00D8E6D9 /* Products */,
			);
			sourceTree = "<group>";
		};
		453B09792C37607E00D8E6D9 /* Products */ = {
			isa = PBXGroup;
			children = (
				453B09782C37607E00D8E6D9 /* PetWatchSwift.app */,
				453B098A2C37608000D8E6D9 /* PetWatchSwiftTests.xctest */,
				453B09942C37608000D8E6D9 /* PetWatchSwiftUITests.xctest */,
			);
			name = Products;
			sourceTree = "<group>";
		};
		453B097A2C37607E00D8E6D9 /* PetWatchSwift */ = {
			isa = PBXGroup;
			children = (
				45F94EEB2C386D7900023D5C /* PetWatchSwiftApp.swift */,
				453B09D02C3864E400D8E6D9 /* SampleData */,
				453B09C12C385FA000D8E6D9 /* Models */,
				453B09CD2C38649D00D8E6D9 /* Views */,
				45BC649C2C3F42AC00348673 /* Grid View */,
				453B09C62C38612700D8E6D9 /* PreviewHelper */,
				45BA52072C406ACF00F3172C /* Resources */,
				453B09812C37608000D8E6D9 /* Assets.xcassets */,
				453B09832C37608000D8E6D9 /* Preview Content */,
			);
			path = PetWatchSwift;
			sourceTree = "<group>";
		};
		453B09832C37608000D8E6D9 /* Preview Content */ = {
			isa = PBXGroup;
			children = (
				453B09842C37608000D8E6D9 /* Preview Assets.xcassets */,
			);
			path = "Preview Content";
			sourceTree = "<group>";
		};
		453B098D2C37608000D8E6D9 /* PetWatchSwiftTests */ = {
			isa = PBXGroup;
			children = (
				453B098E2C37608000D8E6D9 /* PetWatchSwiftTests.swift */,
			);
			path = PetWatchSwiftTests;
			sourceTree = "<group>";
		};
		453B09972C37608000D8E6D9 /* PetWatchSwiftUITests */ = {
			isa = PBXGroup;
			children = (
				453B09982C37608000D8E6D9 /* PetWatchSwiftUITests.swift */,
				453B099A2C37608000D8E6D9 /* PetWatchSwiftUITestsLaunchTests.swift */,
			);
			path = PetWatchSwiftUITests;
			sourceTree = "<group>";
		};
		453B09C12C385FA000D8E6D9 /* Models */ = {
			isa = PBXGroup;
			children = (
				453B09CB2C3863FD00D8E6D9 /* NavigationContext.swift */,
				453B09C42C38609300D8E6D9 /* PetBreed.swift */,
				453B09C22C385FC000D8E6D9 /* Pet.swift */,
			);
			path = Models;
			sourceTree = "<group>";
		};
		453B09C62C38612700D8E6D9 /* PreviewHelper */ = {
			isa = PBXGroup;
			children = (
				453B09C72C38612E00D8E6D9 /* Preview+ModelContainer.swift */,
				453B09C92C38613E00D8E6D9 /* ModelContainerPreview.swift */,
			);
			path = PreviewHelper;
			sourceTree = "<group>";
		};
		453B09CD2C38649D00D8E6D9 /* Views */ = {
			isa = PBXGroup;
			children = (
				45F94EE92C386CA300023D5C /* ContentView.swift */,
				45F94EED2C388E3300023D5C /* ColumnContentView.swift */,
				45F94EF32C39BAE100023D5C /* PetDetailView.swift */,
				45A6E9C72C44539A00B70884 /* ImageDetailView.swift */,
				45F94EEF2C388EEB00023D5C /* PetBreedListView.swift */,
				4565492A2C39D2B2005B1C53 /* PetBreedEditor.swift */,
				453B09CE2C3864BD00D8E6D9 /* PetEditor.swift */,
				45F94EF12C39AE6000023D5C /* PetListView.swift */,
				4565492C2C3B2B51005B1C53 /* MapView.swift */,
			);
			path = Views;
			sourceTree = "<group>";
		};
		453B09D02C3864E400D8E6D9 /* SampleData */ = {
			isa = PBXGroup;
			children = (
				453B09D12C3864EF00D8E6D9 /* SampleData+PetBreed.swift */,
				453B09D32C38650200D8E6D9 /* SampleData+Pet.swift */,
			);
			path = SampleData;
			sourceTree = "<group>";
		};
		45BA52072C406ACF00F3172C /* Resources */ = {
			isa = PBXGroup;
			children = (
				45EDB8E72C41CEC7002F5EA6 /* bobcat.jpg */,
				45EDB8E82C41CEC7002F5EA6 /* bullElk.jpg */,
				45EDB8E92C41CEC7002F5EA6 /* bullElkSparring.jpg */,
				45EDB8EA2C41CEC7002F5EA6 /* bullTuleElkAndTwoFemales.jpg */,
				45EDB8EB2C41CEC7002F5EA6 /* coyoteAndBison.jpg */,
				45EDB8EC2C41CEC7002F5EA6 /* doubleRainbowLowerMammoth.jpg */,
				45EDB8ED2C41CEC7002F5EA6 /* doubleRainbowYellowstone.jpg */,
				45EDB8EE2C41CEC7002F5EA6 /* grizzly.jpg */,
				45EDB8EF2C41CEC7002F5EA6 /* grizzlyCubs.jpg */,
				45EDB8F02C41CEC7002F5EA6 /* groundSquirrel.jpg */,
				45EDB8F12C41CEC7002F5EA6 /* harborSeal.jpg */,
				45EDB8F22C41CEC7002F5EA6 /* harborSealPup.jpg */,
				45EDB8F32C41CEC7002F5EA6 /* heartSpring.jpg */,
				45EDB8F42C41CEC7002F5EA6 /* newGrowthOfAntlers.jpg */,
				45EDB8F52C41CEC7002F5EA6 /* owlsAtMammoth.jpg */,
				45EDB8F62C41CEC7002F5EA6 /* rainbowAndBadlands.jpg */,
				45EDB8F72C41CEC7002F5EA6 /* redTailedHawk.jpg */,
				45EDB8F82C41CEC7002F5EA6 /* riverOtter.jpg */,
				45EDB8F92C41CEC7002F5EA6 /* soaringTheRainbow.jpg */,
				45EDB8FA2C41CEC7002F5EA6 /* sunriseAtGrottoGeyser.jpg */,
				45EDB8FB2C41CEC7002F5EA6 /* towerCreekBASIN.jpg */,
				45EDB8FC2C41CEC7002F5EA6 /* yellowBelliedMarmot.jpg */,
			);
			path = Resources;
			sourceTree = "<group>";
		};
		45BC649C2C3F42AC00348673 /* Grid View */ = {
			isa = PBXGroup;
			children = (
				45BA52082C406B4300F3172C /* ImageGallery.swift */,
				45BA51FF2C3F4C6300F3172C /* FileManagerExtensions.swift */,
				45BA51FD2C3F462300F3172C /* DataModel.swift */,
				45BC64A12C3F43EE00348673 /* GridItemView.swift */,
				45BC649F2C3F42EF00348673 /* GridItem.swift */,
				45BC649D2C3F42C500348673 /* GridView.swift */,
				45BA52052C3F54FF00F3172C /* PhotoPicker.swift */,
				45BA52032C3F527600F3172C /* DetailView.swift */,
				45BA52012C3F50C700F3172C /* ColumnStepper.swift */,
			);
			path = "Grid View";
			sourceTree = "<group>";
		};
/* End PBXGroup section */

/* Begin PBXNativeTarget section */
		453B09772C37607E00D8E6D9 /* PetWatchSwift */ = {
			isa = PBXNativeTarget;
			buildConfigurationList = 453B099E2C37608000D8E6D9 /* Build configuration list for PBXNativeTarget "PetWatchSwift" */;
			buildPhases = (
				453B09742C37607E00D8E6D9 /* Sources */,
				453B09752C37607E00D8E6D9 /* Frameworks */,
				453B09762C37607E00D8E6D9 /* Resources */,
			);
			buildRules = (
			);
			dependencies = (
			);
			name = PetWatchSwift;
			productName = PetWatchSwift;
			productReference = 453B09782C37607E00D8E6D9 /* PetWatchSwift.app */;
			productType = "com.apple.product-type.application";
		};
		453B09892C37608000D8E6D9 /* PetWatchSwiftTests */ = {
			isa = PBXNativeTarget;
			buildConfigurationList = 453B09A12C37608000D8E6D9 /* Build configuration list for PBXNativeTarget "PetWatchSwiftTests" */;
			buildPhases = (
				453B09862C37608000D8E6D9 /* Sources */,
				453B09872C37608000D8E6D9 /* Frameworks */,
				453B09882C37608000D8E6D9 /* Resources */,
			);
			buildRules = (
			);
			dependencies = (
				453B098C2C37608000D8E6D9 /* PBXTargetDependency */,
			);
			name = PetWatchSwiftTests;
			productName = PetWatchSwiftTests;
			productReference = 453B098A2C37608000D8E6D9 /* PetWatchSwiftTests.xctest */;
			productType = "com.apple.product-type.bundle.unit-test";
		};
		453B09932C37608000D8E6D9 /* PetWatchSwiftUITests */ = {
			isa = PBXNativeTarget;
			buildConfigurationList = 453B09A42C37608000D8E6D9 /* Build configuration list for PBXNativeTarget "PetWatchSwiftUITests" */;
			buildPhases = (
				453B09902C37608000D8E6D9 /* Sources */,
				453B09912C37608000D8E6D9 /* Frameworks */,
				453B09922C37608000D8E6D9 /* Resources */,
			);
			buildRules = (
			);
			dependencies = (
				453B09962C37608000D8E6D9 /* PBXTargetDependency */,
			);
			name = PetWatchSwiftUITests;
			productName = PetWatchSwiftUITests;
			productReference = 453B09942C37608000D8E6D9 /* PetWatchSwiftUITests.xctest */;
			productType = "com.apple.product-type.bundle.ui-testing";
		};
/* End PBXNativeTarget section */

/* Begin PBXProject section */
		453B09702C37607E00D8E6D9 /* Project object */ = {
			isa = PBXProject;
			attributes = {
				BuildIndependentTargetsInParallel = 1;
				LastSwiftUpdateCheck = 1600;
				LastUpgradeCheck = 1600;
				TargetAttributes = {
					453B09772C37607E00D8E6D9 = {
						CreatedOnToolsVersion = 16.0;
					};
					453B09892C37608000D8E6D9 = {
						CreatedOnToolsVersion = 16.0;
						TestTargetID = 453B09772C37607E00D8E6D9;
					};
					453B09932C37608000D8E6D9 = {
						CreatedOnToolsVersion = 16.0;
						TestTargetID = 453B09772C37607E00D8E6D9;
					};
				};
			};
			buildConfigurationList = 453B09732C37607E00D8E6D9 /* Build configuration list for PBXProject "PetWatchSwift" */;
			compatibilityVersion = "Xcode 15.0";
			developmentRegion = en;
			hasScannedForEncodings = 0;
			knownRegions = (
				en,
				Base,
			);
			mainGroup = 453B096F2C37607E00D8E6D9;
			productRefGroup = 453B09792C37607E00D8E6D9 /* Products */;
			projectDirPath = "";
			projectRoot = "";
			targets = (
				453B09772C37607E00D8E6D9 /* PetWatchSwift */,
				453B09892C37608000D8E6D9 /* PetWatchSwiftTests */,
				453B09932C37608000D8E6D9 /* PetWatchSwiftUITests */,
			);
		};
/* End PBXProject section */

/* Begin PBXResourcesBuildPhase section */
		453B09762C37607E00D8E6D9 /* Resources */ = {
			isa = PBXResourcesBuildPhase;
			buildActionMask = 2147483647;
			files = (
				453B09852C37608000D8E6D9 /* Preview Assets.xcassets in Resources */,
				453B09822C37608000D8E6D9 /* Assets.xcassets in Resources */,
				45EDB8FD2C41CEC7002F5EA6 /* heartSpring.jpg in Resources */,
				45EDB8FE2C41CEC7002F5EA6 /* bobcat.jpg in Resources */,
				45EDB8FF2C41CEC7002F5EA6 /* redTailedHawk.jpg in Resources */,
				45EDB9002C41CEC7002F5EA6 /* coyoteAndBison.jpg in Resources */,
				45EDB9012C41CEC7002F5EA6 /* grizzly.jpg in Resources */,
				45EDB9022C41CEC7002F5EA6 /* soaringTheRainbow.jpg in Resources */,
				45EDB9032C41CEC7002F5EA6 /* bullElkSparring.jpg in Resources */,
				45EDB9042C41CEC7002F5EA6 /* doubleRainbowYellowstone.jpg in Resources */,
				45EDB9052C41CEC7002F5EA6 /* towerCreekBASIN.jpg in Resources */,
				45EDB9062C41CEC7002F5EA6 /* grizzlyCubs.jpg in Resources */,
				45EDB9072C41CEC7002F5EA6 /* owlsAtMammoth.jpg in Resources */,
				45EDB9082C41CEC7002F5EA6 /* sunriseAtGrottoGeyser.jpg in Resources */,
				45EDB9092C41CEC7002F5EA6 /* bullTuleElkAndTwoFemales.jpg in Resources */,
				45EDB90A2C41CEC7002F5EA6 /* groundSquirrel.jpg in Resources */,
				45EDB90B2C41CEC7002F5EA6 /* bullElk.jpg in Resources */,
				45EDB90C2C41CEC7002F5EA6 /* yellowBelliedMarmot.jpg in Resources */,
				45EDB90D2C41CEC7002F5EA6 /* riverOtter.jpg in Resources */,
				45EDB90E2C41CEC7002F5EA6 /* newGrowthOfAntlers.jpg in Resources */,
				45EDB90F2C41CEC7002F5EA6 /* harborSeal.jpg in Resources */,
				45EDB9102C41CEC7002F5EA6 /* doubleRainbowLowerMammoth.jpg in Resources */,
				45EDB9112C41CEC7002F5EA6 /* rainbowAndBadlands.jpg in Resources */,
				45EDB9122C41CEC7002F5EA6 /* harborSealPup.jpg in Resources */,
			);
			runOnlyForDeploymentPostprocessing = 0;
		};
		453B09882C37608000D8E6D9 /* Resources */ = {
			isa = PBXResourcesBuildPhase;
			buildActionMask = 2147483647;
			files = (
			);
			runOnlyForDeploymentPostprocessing = 0;
		};
		453B09922C37608000D8E6D9 /* Resources */ = {
			isa = PBXResourcesBuildPhase;
			buildActionMask = 2147483647;
			files = (
			);
			runOnlyForDeploymentPostprocessing = 0;
		};
/* End PBXResourcesBuildPhase section */

/* Begin PBXSourcesBuildPhase section */
		453B09742C37607E00D8E6D9 /* Sources */ = {
			isa = PBXSourcesBuildPhase;
			buildActionMask = 2147483647;
			files = (
				453B09D42C38650600D8E6D9 /* SampleData+Pet.swift in Sources */,
				4565492B2C39D2B7005B1C53 /* PetBreedEditor.swift in Sources */,
				453B09C82C38613C00D8E6D9 /* Preview+ModelContainer.swift in Sources */,
				45A6E9C82C44539F00B70884 /* ImageDetailView.swift in Sources */,
				45BA52022C3F50CC00F3172C /* ColumnStepper.swift in Sources */,
				45F94EEE2C388E3F00023D5C /* ColumnContentView.swift in Sources */,
				45F94EEC2C386D8100023D5C /* PetWatchSwiftApp.swift in Sources */,
				45BA52092C406B4700F3172C /* ImageGallery.swift in Sources */,
				453B09C52C38609600D8E6D9 /* PetBreed.swift in Sources */,
				45F94EF42C39BAE500023D5C /* PetDetailView.swift in Sources */,
				45F94EF02C388EF200023D5C /* PetBreedListView.swift in Sources */,
				45BC64A22C3F43F100348673 /* GridItemView.swift in Sources */,
				4565492D2C3B2B55005B1C53 /* MapView.swift in Sources */,
				453B09CA2C38614700D8E6D9 /* ModelContainerPreview.swift in Sources */,
				453B09C32C385FC200D8E6D9 /* Pet.swift in Sources */,
				45F94EEA2C386CA700023D5C /* ContentView.swift in Sources */,
				45BA51FE2C3F462800F3172C /* DataModel.swift in Sources */,
				453B09CC2C38640100D8E6D9 /* NavigationContext.swift in Sources */,
				453B09D22C3864FE00D8E6D9 /* SampleData+PetBreed.swift in Sources */,
				45BA52042C3F527900F3172C /* DetailView.swift in Sources */,
				45BC64A02C3F42F200348673 /* GridItem.swift in Sources */,
				45F94EF22C39AE6300023D5C /* PetListView.swift in Sources */,
				45BA52062C3F550200F3172C /* PhotoPicker.swift in Sources */,
				45BA52002C3F4C6A00F3172C /* FileManagerExtensions.swift in Sources */,
				45BC649E2C3F42CD00348673 /* GridView.swift in Sources */,
				453B09CF2C3864C500D8E6D9 /* PetEditor.swift in Sources */,
			);
			runOnlyForDeploymentPostprocessing = 0;
		};
		453B09862C37608000D8E6D9 /* Sources */ = {
			isa = PBXSourcesBuildPhase;
			buildActionMask = 2147483647;
			files = (
				453B098F2C37608000D8E6D9 /* PetWatchSwiftTests.swift in Sources */,
			);
			runOnlyForDeploymentPostprocessing = 0;
		};
		453B09902C37608000D8E6D9 /* Sources */ = {
			isa = PBXSourcesBuildPhase;
			buildActionMask = 2147483647;
			files = (
				453B099B2C37608000D8E6D9 /* PetWatchSwiftUITestsLaunchTests.swift in Sources */,
				453B09992C37608000D8E6D9 /* PetWatchSwiftUITests.swift in Sources */,
			);
			runOnlyForDeploymentPostprocessing = 0;
		};
/* End PBXSourcesBuildPhase section */

/* Begin PBXTargetDependency section */
		453B098C2C37608000D8E6D9 /* PBXTargetDependency */ = {
			isa = PBXTargetDependency;
			target = 453B09772C37607E00D8E6D9 /* PetWatchSwift */;
			targetProxy = 453B098B2C37608000D8E6D9 /* PBXContainerItemProxy */;
		};
		453B09962C37608000D8E6D9 /* PBXTargetDependency */ = {
			isa = PBXTargetDependency;
			target = 453B09772C37607E00D8E6D9 /* PetWatchSwift */;
			targetProxy = 453B09952C37608000D8E6D9 /* PBXContainerItemProxy */;
		};
/* End PBXTargetDependency section */

/* Begin XCBuildConfiguration section */
		453B099C2C37608000D8E6D9 /* Debug */ = {
			isa = XCBuildConfiguration;
			buildSettings = {
				ALWAYS_SEARCH_USER_PATHS = NO;
				ASSETCATALOG_COMPILER_GENERATE_SWIFT_ASSET_SYMBOL_EXTENSIONS = YES;
				CLANG_ANALYZER_NONNULL = YES;
				CLANG_ANALYZER_NUMBER_OBJECT_CONVERSION = YES_AGGRESSIVE;
				CLANG_CXX_LANGUAGE_STANDARD = "gnu++20";
				CLANG_ENABLE_MODULES = YES;
				CLANG_ENABLE_OBJC_ARC = YES;
				CLANG_ENABLE_OBJC_WEAK = YES;
				CLANG_WARN_BLOCK_CAPTURE_AUTORELEASING = YES;
				CLANG_WARN_BOOL_CONVERSION = YES;
				CLANG_WARN_COMMA = YES;
				CLANG_WARN_CONSTANT_CONVERSION = YES;
				CLANG_WARN_DEPRECATED_OBJC_IMPLEMENTATIONS = YES;
				CLANG_WARN_DIRECT_OBJC_ISA_USAGE = YES_ERROR;
				CLANG_WARN_DOCUMENTATION_COMMENTS = YES;
				CLANG_WARN_EMPTY_BODY = YES;
				CLANG_WARN_ENUM_CONVERSION = YES;
				CLANG_WARN_INFINITE_RECURSION = YES;
				CLANG_WARN_INT_CONVERSION = YES;
				CLANG_WARN_NON_LITERAL_NULL_CONVERSION = YES;
				CLANG_WARN_OBJC_IMPLICIT_RETAIN_SELF = YES;
				CLANG_WARN_OBJC_LITERAL_CONVERSION = YES;
				CLANG_WARN_OBJC_ROOT_CLASS = YES_ERROR;
				CLANG_WARN_QUOTED_INCLUDE_IN_FRAMEWORK_HEADER = YES;
				CLANG_WARN_RANGE_LOOP_ANALYSIS = YES;
				CLANG_WARN_STRICT_PROTOTYPES = YES;
				CLANG_WARN_SUSPICIOUS_MOVE = YES;
				CLANG_WARN_UNGUARDED_AVAILABILITY = YES_AGGRESSIVE;
				CLANG_WARN_UNREACHABLE_CODE = YES;
				CLANG_WARN__DUPLICATE_METHOD_MATCH = YES;
				COPY_PHASE_STRIP = NO;
				DEBUG_INFORMATION_FORMAT = dwarf;
				ENABLE_STRICT_OBJC_MSGSEND = YES;
				ENABLE_TESTABILITY = YES;
				ENABLE_USER_SCRIPT_SANDBOXING = YES;
				GCC_C_LANGUAGE_STANDARD = gnu17;
				GCC_DYNAMIC_NO_PIC = NO;
				GCC_NO_COMMON_BLOCKS = YES;
				GCC_OPTIMIZATION_LEVEL = 0;
				GCC_PREPROCESSOR_DEFINITIONS = (
					"DEBUG=1",
					"$(inherited)",
				);
				GCC_WARN_64_TO_32_BIT_CONVERSION = YES;
				GCC_WARN_ABOUT_RETURN_TYPE = YES_ERROR;
				GCC_WARN_UNDECLARED_SELECTOR = YES;
				GCC_WARN_UNINITIALIZED_AUTOS = YES_AGGRESSIVE;
				GCC_WARN_UNUSED_FUNCTION = YES;
				GCC_WARN_UNUSED_VARIABLE = YES;
				IPHONEOS_DEPLOYMENT_TARGET = 18.0;
				LOCALIZATION_PREFERS_STRING_CATALOGS = YES;
				MTL_ENABLE_DEBUG_INFO = INCLUDE_SOURCE;
				MTL_FAST_MATH = YES;
				ONLY_ACTIVE_ARCH = YES;
				SDKROOT = iphoneos;
				SWIFT_ACTIVE_COMPILATION_CONDITIONS = "DEBUG $(inherited)";
				SWIFT_OPTIMIZATION_LEVEL = "-Onone";
			};
			name = Debug;
		};
		453B099D2C37608000D8E6D9 /* Release */ = {
			isa = XCBuildConfiguration;
			buildSettings = {
				ALWAYS_SEARCH_USER_PATHS = NO;
				ASSETCATALOG_COMPILER_GENERATE_SWIFT_ASSET_SYMBOL_EXTENSIONS = YES;
				CLANG_ANALYZER_NONNULL = YES;
				CLANG_ANALYZER_NUMBER_OBJECT_CONVERSION = YES_AGGRESSIVE;
				CLANG_CXX_LANGUAGE_STANDARD = "gnu++20";
				CLANG_ENABLE_MODULES = YES;
				CLANG_ENABLE_OBJC_ARC = YES;
				CLANG_ENABLE_OBJC_WEAK = YES;
				CLANG_WARN_BLOCK_CAPTURE_AUTORELEASING = YES;
				CLANG_WARN_BOOL_CONVERSION = YES;
				CLANG_WARN_COMMA = YES;
				CLANG_WARN_CONSTANT_CONVERSION = YES;
				CLANG_WARN_DEPRECATED_OBJC_IMPLEMENTATIONS = YES;
				CLANG_WARN_DIRECT_OBJC_ISA_USAGE = YES_ERROR;
				CLANG_WARN_DOCUMENTATION_COMMENTS = YES;
				CLANG_WARN_EMPTY_BODY = YES;
				CLANG_WARN_ENUM_CONVERSION = YES;
				CLANG_WARN_INFINITE_RECURSION = YES;
				CLANG_WARN_INT_CONVERSION = YES;
				CLANG_WARN_NON_LITERAL_NULL_CONVERSION = YES;
				CLANG_WARN_OBJC_IMPLICIT_RETAIN_SELF = YES;
				CLANG_WARN_OBJC_LITERAL_CONVERSION = YES;
				CLANG_WARN_OBJC_ROOT_CLASS = YES_ERROR;
				CLANG_WARN_QUOTED_INCLUDE_IN_FRAMEWORK_HEADER = YES;
				CLANG_WARN_RANGE_LOOP_ANALYSIS = YES;
				CLANG_WARN_STRICT_PROTOTYPES = YES;
				CLANG_WARN_SUSPICIOUS_MOVE = YES;
				CLANG_WARN_UNGUARDED_AVAILABILITY = YES_AGGRESSIVE;
				CLANG_WARN_UNREACHABLE_CODE = YES;
				CLANG_WARN__DUPLICATE_METHOD_MATCH = YES;
				COPY_PHASE_STRIP = NO;
				DEBUG_INFORMATION_FORMAT = "dwarf-with-dsym";
				ENABLE_NS_ASSERTIONS = NO;
				ENABLE_STRICT_OBJC_MSGSEND = YES;
				ENABLE_USER_SCRIPT_SANDBOXING = YES;
				GCC_C_LANGUAGE_STANDARD = gnu17;
				GCC_NO_COMMON_BLOCKS = YES;
				GCC_WARN_64_TO_32_BIT_CONVERSION = YES;
				GCC_WARN_ABOUT_RETURN_TYPE = YES_ERROR;
				GCC_WARN_UNDECLARED_SELECTOR = YES;
				GCC_WARN_UNINITIALIZED_AUTOS = YES_AGGRESSIVE;
				GCC_WARN_UNUSED_FUNCTION = YES;
				GCC_WARN_UNUSED_VARIABLE = YES;
				IPHONEOS_DEPLOYMENT_TARGET = 18.0;
				LOCALIZATION_PREFERS_STRING_CATALOGS = YES;
				MTL_ENABLE_DEBUG_INFO = NO;
				MTL_FAST_MATH = YES;
				SDKROOT = iphoneos;
				SWIFT_COMPILATION_MODE = wholemodule;
				VALIDATE_PRODUCT = YES;
			};
			name = Release;
		};
		453B099F2C37608000D8E6D9 /* Debug */ = {
			isa = XCBuildConfiguration;
			buildSettings = {
				ASSETCATALOG_COMPILER_APPICON_NAME = AppIcon;
				ASSETCATALOG_COMPILER_GLOBAL_ACCENT_COLOR_NAME = AccentColor;
				CODE_SIGN_STYLE = Automatic;
				CURRENT_PROJECT_VERSION = 1;
				DEVELOPMENT_ASSET_PATHS = "\"PetWatchSwift/Preview Content\"";
				DEVELOPMENT_TEAM = 2AAR9JFLKQ;
				ENABLE_PREVIEWS = YES;
				GENERATE_INFOPLIST_FILE = YES;
				INFOPLIST_KEY_UIApplicationSceneManifest_Generation = YES;
				INFOPLIST_KEY_UIApplicationSupportsIndirectInputEvents = YES;
				INFOPLIST_KEY_UILaunchScreen_Generation = YES;
				INFOPLIST_KEY_UISupportedInterfaceOrientations_iPad = "UIInterfaceOrientationPortrait UIInterfaceOrientationPortraitUpsideDown UIInterfaceOrientationLandscapeLeft UIInterfaceOrientationLandscapeRight";
				INFOPLIST_KEY_UISupportedInterfaceOrientations_iPhone = "UIInterfaceOrientationPortrait UIInterfaceOrientationLandscapeLeft UIInterfaceOrientationLandscapeRight";
				IPHONEOS_DEPLOYMENT_TARGET = 18.0;
				LD_RUNPATH_SEARCH_PATHS = (
					"$(inherited)",
					"@executable_path/Frameworks",
				);
				MARKETING_VERSION = 1.0;
				PRODUCT_BUNDLE_IDENTIFIER = me.mycompany.PetWatchSwift;
				PRODUCT_NAME = "$(TARGET_NAME)";
				SWIFT_EMIT_LOC_STRINGS = YES;
				SWIFT_VERSION = 5.0;
				TARGETED_DEVICE_FAMILY = "1,2";
			};
			name = Debug;
		};
		453B09A02C37608000D8E6D9 /* Release */ = {
			isa = XCBuildConfiguration;
			buildSettings = {
				ASSETCATALOG_COMPILER_APPICON_NAME = AppIcon;
				ASSETCATALOG_COMPILER_GLOBAL_ACCENT_COLOR_NAME = AccentColor;
				CODE_SIGN_STYLE = Automatic;
				CURRENT_PROJECT_VERSION = 1;
				DEVELOPMENT_ASSET_PATHS = "\"PetWatchSwift/Preview Content\"";
				DEVELOPMENT_TEAM = 2AAR9JFLKQ;
				ENABLE_PREVIEWS = YES;
				GENERATE_INFOPLIST_FILE = YES;
				INFOPLIST_KEY_UIApplicationSceneManifest_Generation = YES;
				INFOPLIST_KEY_UIApplicationSupportsIndirectInputEvents = YES;
				INFOPLIST_KEY_UILaunchScreen_Generation = YES;
				INFOPLIST_KEY_UISupportedInterfaceOrientations_iPad = "UIInterfaceOrientationPortrait UIInterfaceOrientationPortraitUpsideDown UIInterfaceOrientationLandscapeLeft UIInterfaceOrientationLandscapeRight";
				INFOPLIST_KEY_UISupportedInterfaceOrientations_iPhone = "UIInterfaceOrientationPortrait UIInterfaceOrientationLandscapeLeft UIInterfaceOrientationLandscapeRight";
				IPHONEOS_DEPLOYMENT_TARGET = 18.0;
				LD_RUNPATH_SEARCH_PATHS = (
					"$(inherited)",
					"@executable_path/Frameworks",
				);
				MARKETING_VERSION = 1.0;
				PRODUCT_BUNDLE_IDENTIFIER = me.mycompany.PetWatchSwift;
				PRODUCT_NAME = "$(TARGET_NAME)";
				SWIFT_EMIT_LOC_STRINGS = YES;
				SWIFT_VERSION = 5.0;
				TARGETED_DEVICE_FAMILY = "1,2";
			};
			name = Release;
		};
		453B09A22C37608000D8E6D9 /* Debug */ = {
			isa = XCBuildConfiguration;
			buildSettings = {
				BUNDLE_LOADER = "$(TEST_HOST)";
				CODE_SIGN_STYLE = Automatic;
				CURRENT_PROJECT_VERSION = 1;
				DEVELOPMENT_TEAM = 2AAR9JFLKQ;
				GENERATE_INFOPLIST_FILE = YES;
				IPHONEOS_DEPLOYMENT_TARGET = 18.0;
				MARKETING_VERSION = 1.0;
				PRODUCT_BUNDLE_IDENTIFIER = me.mycompany.PetWatchSwiftTests;
				PRODUCT_NAME = "$(TARGET_NAME)";
				SWIFT_EMIT_LOC_STRINGS = NO;
				SWIFT_VERSION = 5.0;
				TARGETED_DEVICE_FAMILY = "1,2";
				TEST_HOST = "$(BUILT_PRODUCTS_DIR)/PetWatchSwift.app/$(BUNDLE_EXECUTABLE_FOLDER_PATH)/PetWatchSwift";
			};
			name = Debug;
		};
		453B09A32C37608000D8E6D9 /* Release */ = {
			isa = XCBuildConfiguration;
			buildSettings = {
				BUNDLE_LOADER = "$(TEST_HOST)";
				CODE_SIGN_STYLE = Automatic;
				CURRENT_PROJECT_VERSION = 1;
				DEVELOPMENT_TEAM = 2AAR9JFLKQ;
				GENERATE_INFOPLIST_FILE = YES;
				IPHONEOS_DEPLOYMENT_TARGET = 18.0;
				MARKETING_VERSION = 1.0;
				PRODUCT_BUNDLE_IDENTIFIER = me.mycompany.PetWatchSwiftTests;
				PRODUCT_NAME = "$(TARGET_NAME)";
				SWIFT_EMIT_LOC_STRINGS = NO;
				SWIFT_VERSION = 5.0;
				TARGETED_DEVICE_FAMILY = "1,2";
				TEST_HOST = "$(BUILT_PRODUCTS_DIR)/PetWatchSwift.app/$(BUNDLE_EXECUTABLE_FOLDER_PATH)/PetWatchSwift";
			};
			name = Release;
		};
		453B09A52C37608000D8E6D9 /* Debug */ = {
			isa = XCBuildConfiguration;
			buildSettings = {
				CODE_SIGN_STYLE = Automatic;
				CURRENT_PROJECT_VERSION = 1;
				DEVELOPMENT_TEAM = 2AAR9JFLKQ;
				GENERATE_INFOPLIST_FILE = YES;
				MARKETING_VERSION = 1.0;
				PRODUCT_BUNDLE_IDENTIFIER = me.mycompany.PetWatchSwiftUITests;
				PRODUCT_NAME = "$(TARGET_NAME)";
				SWIFT_EMIT_LOC_STRINGS = NO;
				SWIFT_VERSION = 5.0;
				TARGETED_DEVICE_FAMILY = "1,2";
				TEST_TARGET_NAME = PetWatchSwift;
			};
			name = Debug;
		};
		453B09A62C37608000D8E6D9 /* Release */ = {
			isa = XCBuildConfiguration;
			buildSettings = {
				CODE_SIGN_STYLE = Automatic;
				CURRENT_PROJECT_VERSION = 1;
				DEVELOPMENT_TEAM = 2AAR9JFLKQ;
				GENERATE_INFOPLIST_FILE = YES;
				MARKETING_VERSION = 1.0;
				PRODUCT_BUNDLE_IDENTIFIER = me.mycompany.PetWatchSwiftUITests;
				PRODUCT_NAME = "$(TARGET_NAME)";
				SWIFT_EMIT_LOC_STRINGS = NO;
				SWIFT_VERSION = 5.0;
				TARGETED_DEVICE_FAMILY = "1,2";
				TEST_TARGET_NAME = PetWatchSwift;
			};
			name = Release;
		};
/* End XCBuildConfiguration section */

/* Begin XCConfigurationList section */
		453B09732C37607E00D8E6D9 /* Build configuration list for PBXProject "PetWatchSwift" */ = {
			isa = XCConfigurationList;
			buildConfigurations = (
				453B099C2C37608000D8E6D9 /* Debug */,
				453B099D2C37608000D8E6D9 /* Release */,
			);
			defaultConfigurationIsVisible = 0;
			defaultConfigurationName = Release;
		};
		453B099E2C37608000D8E6D9 /* Build configuration list for PBXNativeTarget "PetWatchSwift" */ = {
			isa = XCConfigurationList;
			buildConfigurations = (
				453B099F2C37608000D8E6D9 /* Debug */,
				453B09A02C37608000D8E6D9 /* Release */,
			);
			defaultConfigurationIsVisible = 0;
			defaultConfigurationName = Release;
		};
		453B09A12C37608000D8E6D9 /* Build configuration list for PBXNativeTarget "PetWatchSwiftTests" */ = {
			isa = XCConfigurationList;
			buildConfigurations = (
				453B09A22C37608000D8E6D9 /* Debug */,
				453B09A32C37608000D8E6D9 /* Release */,
			);
			defaultConfigurationIsVisible = 0;
			defaultConfigurationName = Release;
		};
		453B09A42C37608000D8E6D9 /* Build configuration list for PBXNativeTarget "PetWatchSwiftUITests" */ = {
			isa = XCConfigurationList;
			buildConfigurations = (
				453B09A52C37608000D8E6D9 /* Debug */,
				453B09A62C37608000D8E6D9 /* Release */,
			);
			defaultConfigurationIsVisible = 0;
			defaultConfigurationName = Release;
		};
/* End XCConfigurationList section */
	};
	rootObject = 453B09702C37607E00D8E6D9 /* Project object */;
}
