// !$*UTF8*$!
{
	archiveVersion = 1;
	classes = {
	};
	objectVersion = 60;
	objects = {

/* Begin PBXBuildFile section */
		453B097C2C37607E00D8E6D9 /* PetWatchSwiftApp.swift in Sources */ = {isa = PBXBuildFile; fileRef = 453B097B2C37607E00D8E6D9 /* PetWatchSwiftApp.swift */; };
		453B097E2C37607E00D8E6D9 /* ContentView.swift in Sources */ = {isa = PBXBuildFile; fileRef = 453B097D2C37607E00D8E6D9 /* ContentView.swift */; };
		453B09802C37607E00D8E6D9 /* Item.swift in Sources */ = {isa = PBXBuildFile; fileRef = 453B097F2C37607E00D8E6D9 /* Item.swift */; };
		453B09822C37608000D8E6D9 /* Assets.xcassets in Resources */ = {isa = PBXBuildFile; fileRef = 453B09812C37608000D8E6D9 /* Assets.xcassets */; };
		453B09852C37608000D8E6D9 /* Preview Assets.xcassets in Resources */ = {isa = PBXBuildFile; fileRef = 453B09842C37608000D8E6D9 /* Preview Assets.xcassets */; };
		453B098F2C37608000D8E6D9 /* PetWatchSwiftTests.swift in Sources */ = {isa = PBXBuildFile; fileRef = 453B098E2C37608000D8E6D9 /* PetWatchSwiftTests.swift */; };
		453B09992C37608000D8E6D9 /* PetWatchSwiftUITests.swift in Sources */ = {isa = PBXBuildFile; fileRef = 453B09982C37608000D8E6D9 /* PetWatchSwiftUITests.swift */; };
		453B099B2C37608000D8E6D9 /* PetWatchSwiftUITestsLaunchTests.swift in Sources */ = {isa = PBXBuildFile; fileRef = 453B099A2C37608000D8E6D9 /* PetWatchSwiftUITestsLaunchTests.swift */; };
/* End PBXBuildFile section */

/* Begin PBXContainerItemProxy section */
		453B098B2C37608000D8E6D9 /* PBXContainerItemProxy */ = {
			isa = PBXContainerItemProxy;
			containerPortal = 453B09702C37607E00D8E6D9 /* Project object */;
			proxyType = 1;
			remoteGlobalIDString = 453B09772C37607E00D8E6D9;
			remoteInfo = PetWatchSwift;
		};
		453B09952C37608000D8E6D9 /* PBXContainerItemProxy */ = {
			isa = PBXContainerItemProxy;
			containerPortal = 453B09702C37607E00D8E6D9 /* Project object */;
			proxyType = 1;
			remoteGlobalIDString = 453B09772C37607E00D8E6D9;
			remoteInfo = PetWatchSwift;
		};
/* End PBXContainerItemProxy section */

/* Begin PBXFileReference section */
		453B09782C37607E00D8E6D9 /* PetWatchSwift.app */ = {isa = PBXFileReference; explicitFileType = wrapper.application; includeInIndex = 0; path = PetWatchSwift.app; sourceTree = BUILT_PRODUCTS_DIR; };
		453B097B2C37607E00D8E6D9 /* PetWatchSwiftApp.swift */ = {isa = PBXFileReference; lastKnownFileType = sourcecode.swift; path = PetWatchSwiftApp.swift; sourceTree = "<group>"; };
		453B097D2C37607E00D8E6D9 /* ContentView.swift */ = {isa = PBXFileReference; lastKnownFileType = sourcecode.swift; path = ContentView.swift; sourceTree = "<group>"; };
		453B097F2C37607E00D8E6D9 /* Item.swift */ = {isa = PBXFileReference; lastKnownFileType = sourcecode.swift; path = Item.swift; sourceTree = "<group>"; };
		453B09812C37608000D8E6D9 /* Assets.xcassets */ = {isa = PBXFileReference; lastKnownFileType = folder.assetcatalog; path = Assets.xcassets; sourceTree = "<group>"; };
		453B09842C37608000D8E6D9 /* Preview Assets.xcassets */ = {isa = PBXFileReference; lastKnownFileType = folder.assetcatalog; path = "Preview Assets.xcassets"; sourceTree = "<group>"; };
		453B098A2C37608000D8E6D9 /* PetWatchSwiftTests.xctest */ = {isa = PBXFileReference; explicitFileType = wrapper.cfbundle; includeInIndex = 0; path = PetWatchSwiftTests.xctest; sourceTree = BUILT_PRODUCTS_DIR; };
		453B098E2C37608000D8E6D9 /* PetWatchSwiftTests.swift */ = {isa = PBXFileReference; lastKnownFileType = sourcecode.swift; path = PetWatchSwiftTests.swift; sourceTree = "<group>"; };
		453B09942C37608000D8E6D9 /* PetWatchSwiftUITests.xctest */ = {isa = PBXFileReference; explicitFileType = wrapper.cfbundle; includeInIndex = 0; path = PetWatchSwiftUITests.xctest; sourceTree = BUILT_PRODUCTS_DIR; };
		453B09982C37608000D8E6D9 /* PetWatchSwiftUITests.swift */ = {isa = PBXFileReference; lastKnownFileType = sourcecode.swift; path = PetWatchSwiftUITests.swift; sourceTree = "<group>"; };
		453B099A2C37608000D8E6D9 /* PetWatchSwiftUITestsLaunchTests.swift */ = {isa = PBXFileReference; lastKnownFileType = sourcecode.swift; path = PetWatchSwiftUITestsLaunchTests.swift; sourceTree = "<group>"; };
/* End PBXFileReference section */

/* Begin PBXFrameworksBuildPhase section */
		453B09752C37607E00D8E6D9 /* Frameworks */ = {
			isa = PBXFrameworksBuildPhase;
			buildActionMask = 2147483647;
			files = (
			);
			runOnlyForDeploymentPostprocessing = 0;
		};
		453B09872C37608000D8E6D9 /* Frameworks */ = {
			isa = PBXFrameworksBuildPhase;
			buildActionMask = 2147483647;
			files = (
			);
			runOnlyForDeploymentPostprocessing = 0;
		};
		453B09912C37608000D8E6D9 /* Frameworks */ = {
			isa = PBXFrameworksBuildPhase;
			buildActionMask = 2147483647;
			files = (
			);
			runOnlyForDeploymentPostprocessing = 0;
		};
/* End PBXFrameworksBuildPhase section */

/* Begin PBXGroup section */
		453B096F2C37607E00D8E6D9 = {
			isa = PBXGroup;
			children = (
				453B097A2C37607E00D8E6D9 /* PetWatchSwift */,
				453B098D2C37608000D8E6D9 /* PetWatchSwiftTests */,
				453B09972C37608000D8E6D9 /* PetWatchSwiftUITests */,
				453B09792C37607E00D8E6D9 /* Products */,
			);
			sourceTree = "<group>";
		};
		453B09792C37607E00D8E6D9 /* Products */ = {
			isa = PBXGroup;
			children = (
				453B09782C37607E00D8E6D9 /* PetWatchSwift.app */,
				453B098A2C37608000D8E6D9 /* PetWatchSwiftTests.xctest */,
				453B09942C37608000D8E6D9 /* PetWatchSwiftUITests.xctest */,
			);
			name = Products;
			sourceTree = "<group>";
		};
		453B097A2C37607E00D8E6D9 /* PetWatchSwift */ = {
			isa = PBXGroup;
			children = (
				453B097B2C37607E00D8E6D9 /* PetWatchSwiftApp.swift */,
				453B097D2C37607E00D8E6D9 /* ContentView.swift */,
				453B097F2C37607E00D8E6D9 /* Item.swift */,
				453B09812C37608000D8E6D9 /* Assets.xcassets */,
				453B09832C37608000D8E6D9 /* Preview Content */,
			);
			path = PetWatchSwift;
			sourceTree = "<group>";
		};
		453B09832C37608000D8E6D9 /* Preview Content */ = {
			isa = PBXGroup;
			children = (
				453B09842C37608000D8E6D9 /* Preview Assets.xcassets */,
			);
			path = "Preview Content";
			sourceTree = "<group>";
		};
		453B098D2C37608000D8E6D9 /* PetWatchSwiftTests */ = {
			isa = PBXGroup;
			children = (
				453B098E2C37608000D8E6D9 /* PetWatchSwiftTests.swift */,
			);
			path = PetWatchSwiftTests;
			sourceTree = "<group>";
		};
		453B09972C37608000D8E6D9 /* PetWatchSwiftUITests */ = {
			isa = PBXGroup;
			children = (
				453B09982C37608000D8E6D9 /* PetWatchSwiftUITests.swift */,
				453B099A2C37608000D8E6D9 /* PetWatchSwiftUITestsLaunchTests.swift */,
			);
			path = PetWatchSwiftUITests;
			sourceTree = "<group>";
		};
/* End PBXGroup section */

/* Begin PBXNativeTarget section */
		453B09772C37607E00D8E6D9 /* PetWatchSwift */ = {
			isa = PBXNativeTarget;
			buildConfigurationList = 453B099E2C37608000D8E6D9 /* Build configuration list for PBXNativeTarget "PetWatchSwift" */;
			buildPhases = (
				453B09742C37607E00D8E6D9 /* Sources */,
				453B09752C37607E00D8E6D9 /* Frameworks */,
				453B09762C37607E00D8E6D9 /* Resources */,
			);
			buildRules = (
			);
			dependencies = (
			);
			name = PetWatchSwift;
			productName = PetWatchSwift;
			productReference = 453B09782C37607E00D8E6D9 /* PetWatchSwift.app */;
			productType = "com.apple.product-type.application";
		};
		453B09892C37608000D8E6D9 /* PetWatchSwiftTests */ = {
			isa = PBXNativeTarget;
			buildConfigurationList = 453B09A12C37608000D8E6D9 /* Build configuration list for PBXNativeTarget "PetWatchSwiftTests" */;
			buildPhases = (
				453B09862C37608000D8E6D9 /* Sources */,
				453B09872C37608000D8E6D9 /* Frameworks */,
				453B09882C37608000D8E6D9 /* Resources */,
			);
			buildRules = (
			);
			dependencies = (
				453B098C2C37608000D8E6D9 /* PBXTargetDependency */,
			);
			name = PetWatchSwiftTests;
			productName = PetWatchSwiftTests;
			productReference = 453B098A2C37608000D8E6D9 /* PetWatchSwiftTests.xctest */;
			productType = "com.apple.product-type.bundle.unit-test";
		};
		453B09932C37608000D8E6D9 /* PetWatchSwiftUITests */ = {
			isa = PBXNativeTarget;
			buildConfigurationList = 453B09A42C37608000D8E6D9 /* Build configuration list for PBXNativeTarget "PetWatchSwiftUITests" */;
			buildPhases = (
				453B09902C37608000D8E6D9 /* Sources */,
				453B09912C37608000D8E6D9 /* Frameworks */,
				453B09922C37608000D8E6D9 /* Resources */,
			);
			buildRules = (
			);
			dependencies = (
				453B09962C37608000D8E6D9 /* PBXTargetDependency */,
			);
			name = PetWatchSwiftUITests;
			productName = PetWatchSwiftUITests;
			productReference = 453B09942C37608000D8E6D9 /* PetWatchSwiftUITests.xctest */;
			productType = "com.apple.product-type.bundle.ui-testing";
		};
/* End PBXNativeTarget section */

/* Begin PBXProject section */
		453B09702C37607E00D8E6D9 /* Project object */ = {
			isa = PBXProject;
			attributes = {
				BuildIndependentTargetsInParallel = 1;
				LastSwiftUpdateCheck = 1600;
				LastUpgradeCheck = 1600;
				TargetAttributes = {
					453B09772C37607E00D8E6D9 = {
						CreatedOnToolsVersion = 16.0;
					};
					453B09892C37608000D8E6D9 = {
						CreatedOnToolsVersion = 16.0;
						TestTargetID = 453B09772C37607E00D8E6D9;
					};
					453B09932C37608000D8E6D9 = {
						CreatedOnToolsVersion = 16.0;
						TestTargetID = 453B09772C37607E00D8E6D9;
					};
				};
			};
			buildConfigurationList = 453B09732C37607E00D8E6D9 /* Build configuration list for PBXProject "PetWatchSwift" */;
			compatibilityVersion = "Xcode 15.0";
			developmentRegion = en;
			hasScannedForEncodings = 0;
			knownRegions = (
				en,
				Base,
			);
			mainGroup = 453B096F2C37607E00D8E6D9;
			productRefGroup = 453B09792C37607E00D8E6D9 /* Products */;
			projectDirPath = "";
			projectRoot = "";
			targets = (
				453B09772C37607E00D8E6D9 /* PetWatchSwift */,
				453B09892C37608000D8E6D9 /* PetWatchSwiftTests */,
				453B09932C37608000D8E6D9 /* PetWatchSwiftUITests */,
			);
		};
/* End PBXProject section */

/* Begin PBXResourcesBuildPhase section */
		453B09762C37607E00D8E6D9 /* Resources */ = {
			isa = PBXResourcesBuildPhase;
			buildActionMask = 2147483647;
			files = (
				453B09852C37608000D8E6D9 /* Preview Assets.xcassets in Resources */,
				453B09822C37608000D8E6D9 /* Assets.xcassets in Resources */,
			);
			runOnlyForDeploymentPostprocessing = 0;
		};
		453B09882C37608000D8E6D9 /* Resources */ = {
			isa = PBXResourcesBuildPhase;
			buildActionMask = 2147483647;
			files = (
			);
			runOnlyForDeploymentPostprocessing = 0;
		};
		453B09922C37608000D8E6D9 /* Resources */ = {
			isa = PBXResourcesBuildPhase;
			buildActionMask = 2147483647;
			files = (
			);
			runOnlyForDeploymentPostprocessing = 0;
		};
/* End PBXResourcesBuildPhase section */

/* Begin PBXSourcesBuildPhase section */
		453B09742C37607E00D8E6D9 /* Sources */ = {
			isa = PBXSourcesBuildPhase;
			buildActionMask = 2147483647;
			files = (
				453B097E2C37607E00D8E6D9 /* ContentView.swift in Sources */,
				453B09802C37607E00D8E6D9 /* Item.swift in Sources */,
				453B097C2C37607E00D8E6D9 /* PetWatchSwiftApp.swift in Sources */,
			);
			runOnlyForDeploymentPostprocessing = 0;
		};
		453B09862C37608000D8E6D9 /* Sources */ = {
			isa = PBXSourcesBuildPhase;
			buildActionMask = 2147483647;
			files = (
				453B098F2C37608000D8E6D9 /* PetWatchSwiftTests.swift in Sources */,
			);
			runOnlyForDeploymentPostprocessing = 0;
		};
		453B09902C37608000D8E6D9 /* Sources */ = {
			isa = PBXSourcesBuildPhase;
			buildActionMask = 2147483647;
			files = (
				453B099B2C37608000D8E6D9 /* PetWatchSwiftUITestsLaunchTests.swift in Sources */,
				453B09992C37608000D8E6D9 /* PetWatchSwiftUITests.swift in Sources */,
			);
			runOnlyForDeploymentPostprocessing = 0;
		};
/* End PBXSourcesBuildPhase section */

/* Begin PBXTargetDependency section */
		453B098C2C37608000D8E6D9 /* PBXTargetDependency */ = {
			isa = PBXTargetDependency;
			target = 453B09772C37607E00D8E6D9 /* PetWatchSwift */;
			targetProxy = 453B098B2C37608000D8E6D9 /* PBXContainerItemProxy */;
		};
		453B09962C37608000D8E6D9 /* PBXTargetDependency */ = {
			isa = PBXTargetDependency;
			target = 453B09772C37607E00D8E6D9 /* PetWatchSwift */;
			targetProxy = 453B09952C37608000D8E6D9 /* PBXContainerItemProxy */;
		};
/* End PBXTargetDependency section */

/* Begin XCBuildConfiguration section */
		453B099C2C37608000D8E6D9 /* Debug */ = {
			isa = XCBuildConfiguration;
			buildSettings = {
				ALWAYS_SEARCH_USER_PATHS = NO;
				ASSETCATALOG_COMPILER_GENERATE_SWIFT_ASSET_SYMBOL_EXTENSIONS = YES;
				CLANG_ANALYZER_NONNULL = YES;
				CLANG_ANALYZER_NUMBER_OBJECT_CONVERSION = YES_AGGRESSIVE;
				CLANG_CXX_LANGUAGE_STANDARD = "gnu++20";
				CLANG_ENABLE_MODULES = YES;
				CLANG_ENABLE_OBJC_ARC = YES;
				CLANG_ENABLE_OBJC_WEAK = YES;
				CLANG_WARN_BLOCK_CAPTURE_AUTORELEASING = YES;
				CLANG_WARN_BOOL_CONVERSION = YES;
				CLANG_WARN_COMMA = YES;
				CLANG_WARN_CONSTANT_CONVERSION = YES;
				CLANG_WARN_DEPRECATED_OBJC_IMPLEMENTATIONS = YES;
				CLANG_WARN_DIRECT_OBJC_ISA_USAGE = YES_ERROR;
				CLANG_WARN_DOCUMENTATION_COMMENTS = YES;
				CLANG_WARN_EMPTY_BODY = YES;
				CLANG_WARN_ENUM_CONVERSION = YES;
				CLANG_WARN_INFINITE_RECURSION = YES;
				CLANG_WARN_INT_CONVERSION = YES;
				CLANG_WARN_NON_LITERAL_NULL_CONVERSION = YES;
				CLANG_WARN_OBJC_IMPLICIT_RETAIN_SELF = YES;
				CLANG_WARN_OBJC_LITERAL_CONVERSION = YES;
				CLANG_WARN_OBJC_ROOT_CLASS = YES_ERROR;
				CLANG_WARN_QUOTED_INCLUDE_IN_FRAMEWORK_HEADER = YES;
				CLANG_WARN_RANGE_LOOP_ANALYSIS = YES;
				CLANG_WARN_STRICT_PROTOTYPES = YES;
				CLANG_WARN_SUSPICIOUS_MOVE = YES;
				CLANG_WARN_UNGUARDED_AVAILABILITY = YES_AGGRESSIVE;
				CLANG_WARN_UNREACHABLE_CODE = YES;
				CLANG_WARN__DUPLICATE_METHOD_MATCH = YES;
				COPY_PHASE_STRIP = NO;
				DEBUG_INFORMATION_FORMAT = dwarf;
				ENABLE_STRICT_OBJC_MSGSEND = YES;
				ENABLE_TESTABILITY = YES;
				ENABLE_USER_SCRIPT_SANDBOXING = YES;
				GCC_C_LANGUAGE_STANDARD = gnu17;
				GCC_DYNAMIC_NO_PIC = NO;
				GCC_NO_COMMON_BLOCKS = YES;
				GCC_OPTIMIZATION_LEVEL = 0;
				GCC_PREPROCESSOR_DEFINITIONS = (
					"DEBUG=1",
					"$(inherited)",
				);
				GCC_WARN_64_TO_32_BIT_CONVERSION = YES;
				GCC_WARN_ABOUT_RETURN_TYPE = YES_ERROR;
				GCC_WARN_UNDECLARED_SELECTOR = YES;
				GCC_WARN_UNINITIALIZED_AUTOS = YES_AGGRESSIVE;
				GCC_WARN_UNUSED_FUNCTION = YES;
				GCC_WARN_UNUSED_VARIABLE = YES;
				IPHONEOS_DEPLOYMENT_TARGET = 18.0;
				LOCALIZATION_PREFERS_STRING_CATALOGS = YES;
				MTL_ENABLE_DEBUG_INFO = INCLUDE_SOURCE;
				MTL_FAST_MATH = YES;
				ONLY_ACTIVE_ARCH = YES;
				SDKROOT = iphoneos;
				SWIFT_ACTIVE_COMPILATION_CONDITIONS = "DEBUG $(inherited)";
				SWIFT_OPTIMIZATION_LEVEL = "-Onone";
			};
			name = Debug;
		};
		453B099D2C37608000D8E6D9 /* Release */ = {
			isa = XCBuildConfiguration;
			buildSettings = {
				ALWAYS_SEARCH_USER_PATHS = NO;
				ASSETCATALOG_COMPILER_GENERATE_SWIFT_ASSET_SYMBOL_EXTENSIONS = YES;
				CLANG_ANALYZER_NONNULL = YES;
				CLANG_ANALYZER_NUMBER_OBJECT_CONVERSION = YES_AGGRESSIVE;
				CLANG_CXX_LANGUAGE_STANDARD = "gnu++20";
				CLANG_ENABLE_MODULES = YES;
				CLANG_ENABLE_OBJC_ARC = YES;
				CLANG_ENABLE_OBJC_WEAK = YES;
				CLANG_WARN_BLOCK_CAPTURE_AUTORELEASING = YES;
				CLANG_WARN_BOOL_CONVERSION = YES;
				CLANG_WARN_COMMA = YES;
				CLANG_WARN_CONSTANT_CONVERSION = YES;
				CLANG_WARN_DEPRECATED_OBJC_IMPLEMENTATIONS = YES;
				CLANG_WARN_DIRECT_OBJC_ISA_USAGE = YES_ERROR;
				CLANG_WARN_DOCUMENTATION_COMMENTS = YES;
				CLANG_WARN_EMPTY_BODY = YES;
				CLANG_WARN_ENUM_CONVERSION = YES;
				CLANG_WARN_INFINITE_RECURSION = YES;
				CLANG_WARN_INT_CONVERSION = YES;
				CLANG_WARN_NON_LITERAL_NULL_CONVERSION = YES;
				CLANG_WARN_OBJC_IMPLICIT_RETAIN_SELF = YES;
				CLANG_WARN_OBJC_LITERAL_CONVERSION = YES;
				CLANG_WARN_OBJC_ROOT_CLASS = YES_ERROR;
				CLANG_WARN_QUOTED_INCLUDE_IN_FRAMEWORK_HEADER = YES;
				CLANG_WARN_RANGE_LOOP_ANALYSIS = YES;
				CLANG_WARN_STRICT_PROTOTYPES = YES;
				CLANG_WARN_SUSPICIOUS_MOVE = YES;
				CLANG_WARN_UNGUARDED_AVAILABILITY = YES_AGGRESSIVE;
				CLANG_WARN_UNREACHABLE_CODE = YES;
				CLANG_WARN__DUPLICATE_METHOD_MATCH = YES;
				COPY_PHASE_STRIP = NO;
				DEBUG_INFORMATION_FORMAT = "dwarf-with-dsym";
				ENABLE_NS_ASSERTIONS = NO;
				ENABLE_STRICT_OBJC_MSGSEND = YES;
				ENABLE_USER_SCRIPT_SANDBOXING = YES;
				GCC_C_LANGUAGE_STANDARD = gnu17;
				GCC_NO_COMMON_BLOCKS = YES;
				GCC_WARN_64_TO_32_BIT_CONVERSION = YES;
				GCC_WARN_ABOUT_RETURN_TYPE = YES_ERROR;
				GCC_WARN_UNDECLARED_SELECTOR = YES;
				GCC_WARN_UNINITIALIZED_AUTOS = YES_AGGRESSIVE;
				GCC_WARN_UNUSED_FUNCTION = YES;
				GCC_WARN_UNUSED_VARIABLE = YES;
				IPHONEOS_DEPLOYMENT_TARGET = 18.0;
				LOCALIZATION_PREFERS_STRING_CATALOGS = YES;
				MTL_ENABLE_DEBUG_INFO = NO;
				MTL_FAST_MATH = YES;
				SDKROOT = iphoneos;
				SWIFT_COMPILATION_MODE = wholemodule;
				VALIDATE_PRODUCT = YES;
			};
			name = Release;
		};
		453B099F2C37608000D8E6D9 /* Debug */ = {
			isa = XCBuildConfiguration;
			buildSettings = {
				ASSETCATALOG_COMPILER_APPICON_NAME = AppIcon;
				ASSETCATALOG_COMPILER_GLOBAL_ACCENT_COLOR_NAME = AccentColor;
				CODE_SIGN_STYLE = Automatic;
				CURRENT_PROJECT_VERSION = 1;
				DEVELOPMENT_ASSET_PATHS = "\"PetWatchSwift/Preview Content\"";
				DEVELOPMENT_TEAM = 2AAR9JFLKQ;
				ENABLE_PREVIEWS = YES;
				GENERATE_INFOPLIST_FILE = YES;
				INFOPLIST_KEY_UIApplicationSceneManifest_Generation = YES;
				INFOPLIST_KEY_UIApplicationSupportsIndirectInputEvents = YES;
				INFOPLIST_KEY_UILaunchScreen_Generation = YES;
				INFOPLIST_KEY_UISupportedInterfaceOrientations_iPad = "UIInterfaceOrientationPortrait UIInterfaceOrientationPortraitUpsideDown UIInterfaceOrientationLandscapeLeft UIInterfaceOrientationLandscapeRight";
				INFOPLIST_KEY_UISupportedInterfaceOrientations_iPhone = "UIInterfaceOrientationPortrait UIInterfaceOrientationLandscapeLeft UIInterfaceOrientationLandscapeRight";
				LD_RUNPATH_SEARCH_PATHS = (
					"$(inherited)",
					"@executable_path/Frameworks",
				);
				MARKETING_VERSION = 1.0;
				PRODUCT_BUNDLE_IDENTIFIER = me.mycompany.PetWatchSwift;
				PRODUCT_NAME = "$(TARGET_NAME)";
				SWIFT_EMIT_LOC_STRINGS = YES;
				SWIFT_VERSION = 5.0;
				TARGETED_DEVICE_FAMILY = "1,2";
			};
			name = Debug;
		};
		453B09A02C37608000D8E6D9 /* Release */ = {
			isa = XCBuildConfiguration;
			buildSettings = {
				ASSETCATALOG_COMPILER_APPICON_NAME = AppIcon;
				ASSETCATALOG_COMPILER_GLOBAL_ACCENT_COLOR_NAME = AccentColor;
				CODE_SIGN_STYLE = Automatic;
				CURRENT_PROJECT_VERSION = 1;
				DEVELOPMENT_ASSET_PATHS = "\"PetWatchSwift/Preview Content\"";
				DEVELOPMENT_TEAM = 2AAR9JFLKQ;
				ENABLE_PREVIEWS = YES;
				GENERATE_INFOPLIST_FILE = YES;
				INFOPLIST_KEY_UIApplicationSceneManifest_Generation = YES;
				INFOPLIST_KEY_UIApplicationSupportsIndirectInputEvents = YES;
				INFOPLIST_KEY_UILaunchScreen_Generation = YES;
				INFOPLIST_KEY_UISupportedInterfaceOrientations_iPad = "UIInterfaceOrientationPortrait UIInterfaceOrientationPortraitUpsideDown UIInterfaceOrientationLandscapeLeft UIInterfaceOrientationLandscapeRight";
				INFOPLIST_KEY_UISupportedInterfaceOrientations_iPhone = "UIInterfaceOrientationPortrait UIInterfaceOrientationLandscapeLeft UIInterfaceOrientationLandscapeRight";
				LD_RUNPATH_SEARCH_PATHS = (
					"$(inherited)",
					"@executable_path/Frameworks",
				);
				MARKETING_VERSION = 1.0;
				PRODUCT_BUNDLE_IDENTIFIER = me.mycompany.PetWatchSwift;
				PRODUCT_NAME = "$(TARGET_NAME)";
				SWIFT_EMIT_LOC_STRINGS = YES;
				SWIFT_VERSION = 5.0;
				TARGETED_DEVICE_FAMILY = "1,2";
			};
			name = Release;
		};
		453B09A22C37608000D8E6D9 /* Debug */ = {
			isa = XCBuildConfiguration;
			buildSettings = {
				BUNDLE_LOADER = "$(TEST_HOST)";
				CODE_SIGN_STYLE = Automatic;
				CURRENT_PROJECT_VERSION = 1;
				DEVELOPMENT_TEAM = 2AAR9JFLKQ;
				GENERATE_INFOPLIST_FILE = YES;
				IPHONEOS_DEPLOYMENT_TARGET = 18.0;
				MARKETING_VERSION = 1.0;
				PRODUCT_BUNDLE_IDENTIFIER = me.mycompany.PetWatchSwiftTests;
				PRODUCT_NAME = "$(TARGET_NAME)";
				SWIFT_EMIT_LOC_STRINGS = NO;
				SWIFT_VERSION = 5.0;
				TARGETED_DEVICE_FAMILY = "1,2";
				TEST_HOST = "$(BUILT_PRODUCTS_DIR)/PetWatchSwift.app/$(BUNDLE_EXECUTABLE_FOLDER_PATH)/PetWatchSwift";
			};
			name = Debug;
		};
		453B09A32C37608000D8E6D9 /* Release */ = {
			isa = XCBuildConfiguration;
			buildSettings = {
				BUNDLE_LOADER = "$(TEST_HOST)";
				CODE_SIGN_STYLE = Automatic;
				CURRENT_PROJECT_VERSION = 1;
				DEVELOPMENT_TEAM = 2AAR9JFLKQ;
				GENERATE_INFOPLIST_FILE = YES;
				IPHONEOS_DEPLOYMENT_TARGET = 18.0;
				MARKETING_VERSION = 1.0;
				PRODUCT_BUNDLE_IDENTIFIER = me.mycompany.PetWatchSwiftTests;
				PRODUCT_NAME = "$(TARGET_NAME)";
				SWIFT_EMIT_LOC_STRINGS = NO;
				SWIFT_VERSION = 5.0;
				TARGETED_DEVICE_FAMILY = "1,2";
				TEST_HOST = "$(BUILT_PRODUCTS_DIR)/PetWatchSwift.app/$(BUNDLE_EXECUTABLE_FOLDER_PATH)/PetWatchSwift";
			};
			name = Release;
		};
		453B09A52C37608000D8E6D9 /* Debug */ = {
			isa = XCBuildConfiguration;
			buildSettings = {
				CODE_SIGN_STYLE = Automatic;
				CURRENT_PROJECT_VERSION = 1;
				DEVELOPMENT_TEAM = 2AAR9JFLKQ;
				GENERATE_INFOPLIST_FILE = YES;
				MARKETING_VERSION = 1.0;
				PRODUCT_BUNDLE_IDENTIFIER = me.mycompany.PetWatchSwiftUITests;
				PRODUCT_NAME = "$(TARGET_NAME)";
				SWIFT_EMIT_LOC_STRINGS = NO;
				SWIFT_VERSION = 5.0;
				TARGETED_DEVICE_FAMILY = "1,2";
				TEST_TARGET_NAME = PetWatchSwift;
			};
			name = Debug;
		};
		453B09A62C37608000D8E6D9 /* Release */ = {
			isa = XCBuildConfiguration;
			buildSettings = {
				CODE_SIGN_STYLE = Automatic;
				CURRENT_PROJECT_VERSION = 1;
				DEVELOPMENT_TEAM = 2AAR9JFLKQ;
				GENERATE_INFOPLIST_FILE = YES;
				MARKETING_VERSION = 1.0;
				PRODUCT_BUNDLE_IDENTIFIER = me.mycompany.PetWatchSwiftUITests;
				PRODUCT_NAME = "$(TARGET_NAME)";
				SWIFT_EMIT_LOC_STRINGS = NO;
				SWIFT_VERSION = 5.0;
				TARGETED_DEVICE_FAMILY = "1,2";
				TEST_TARGET_NAME = PetWatchSwift;
			};
			name = Release;
		};
/* End XCBuildConfiguration section */

/* Begin XCConfigurationList section */
		453B09732C37607E00D8E6D9 /* Build configuration list for PBXProject "PetWatchSwift" */ = {
			isa = XCConfigurationList;
			buildConfigurations = (
				453B099C2C37608000D8E6D9 /* Debug */,
				453B099D2C37608000D8E6D9 /* Release */,
			);
			defaultConfigurationIsVisible = 0;
			defaultConfigurationName = Release;
		};
		453B099E2C37608000D8E6D9 /* Build configuration list for PBXNativeTarget "PetWatchSwift" */ = {
			isa = XCConfigurationList;
			buildConfigurations = (
				453B099F2C37608000D8E6D9 /* Debug */,
				453B09A02C37608000D8E6D9 /* Release */,
			);
			defaultConfigurationIsVisible = 0;
			defaultConfigurationName = Release;
		};
		453B09A12C37608000D8E6D9 /* Build configuration list for PBXNativeTarget "PetWatchSwiftTests" */ = {
			isa = XCConfigurationList;
			buildConfigurations = (
				453B09A22C37608000D8E6D9 /* Debug */,
				453B09A32C37608000D8E6D9 /* Release */,
			);
			defaultConfigurationIsVisible = 0;
			defaultConfigurationName = Release;
		};
		453B09A42C37608000D8E6D9 /* Build configuration list for PBXNativeTarget "PetWatchSwiftUITests" */ = {
			isa = XCConfigurationList;
			buildConfigurations = (
				453B09A52C37608000D8E6D9 /* Debug */,
				453B09A62C37608000D8E6D9 /* Release */,
			);
			defaultConfigurationIsVisible = 0;
			defaultConfigurationName = Release;
		};
/* End XCConfigurationList section */
	};
	rootObject = 453B09702C37607E00D8E6D9 /* Project object */;
}
